# This file is automatically @generated by Cargo.
# It is not intended for manual editing.
version = 4

[[package]]
name = "arrays"
version = "0.1.0"

[[package]]
name = "declaring_vars"
version = "0.1.0"

[[package]]
name = "functions"
version = "0.1.0"

[[package]]
name = "integers"
version = "0.1.0"

[[package]]
name = "mutability"
version = "0.1.0"

[[package]]
name = "strings"
version = "0.1.0"

[[package]]
name = "structs"
version = "0.1.0"

[[package]]
name = "traits"
version = "0.1.0"

[[package]]
name = "tuples"
version = "0.1.0"
